// !$*UTF8*$!
{
	archiveVersion = 1;
	classes = {
	};
	objectVersion = 50;
	objects = {

/* Begin PBXBuildFile section */
		04A3F7D721F709C2000B1F7A /* AppDelegate.swift in Sources */ = {isa = PBXBuildFile; fileRef = 04A3F7D621F709C2000B1F7A /* AppDelegate.swift */; };
		04A3F7D921F709C2000B1F7A /* ViewController.swift in Sources */ = {isa = PBXBuildFile; fileRef = 04A3F7D821F709C2000B1F7A /* ViewController.swift */; };
		04A3F7DC21F709C2000B1F7A /* Main.storyboard in Resources */ = {isa = PBXBuildFile; fileRef = 04A3F7DA21F709C2000B1F7A /* Main.storyboard */; };
		04A3F7DE21F709C5000B1F7A /* Assets.xcassets in Resources */ = {isa = PBXBuildFile; fileRef = 04A3F7DD21F709C5000B1F7A /* Assets.xcassets */; };
		04A3F7E121F709C5000B1F7A /* LaunchScreen.storyboard in Resources */ = {isa = PBXBuildFile; fileRef = 04A3F7DF21F709C5000B1F7A /* LaunchScreen.storyboard */; };
		04A3F7EC21F709C5000B1F7A /* XQDouYuZBTests.swift in Sources */ = {isa = PBXBuildFile; fileRef = 04A3F7EB21F709C5000B1F7A /* XQDouYuZBTests.swift */; };
		04A3F7F721F709C5000B1F7A /* XQDouYuZBUITests.swift in Sources */ = {isa = PBXBuildFile; fileRef = 04A3F7F621F709C5000B1F7A /* XQDouYuZBUITests.swift */; };
/* End PBXBuildFile section */

/* Begin PBXContainerItemProxy section */
		04A3F7E821F709C5000B1F7A /* PBXContainerItemProxy */ = {
			isa = PBXContainerItemProxy;
			containerPortal = 04A3F7CB21F709C2000B1F7A /* Project object */;
			proxyType = 1;
			remoteGlobalIDString = 04A3F7D221F709C2000B1F7A;
			remoteInfo = XQDouYuZB;
		};
		04A3F7F321F709C5000B1F7A /* PBXContainerItemProxy */ = {
			isa = PBXContainerItemProxy;
			containerPortal = 04A3F7CB21F709C2000B1F7A /* Project object */;
			proxyType = 1;
			remoteGlobalIDString = 04A3F7D221F709C2000B1F7A;
			remoteInfo = XQDouYuZB;
		};
/* End PBXContainerItemProxy section */

/* Begin PBXFileReference section */
		04A3F7D321F709C2000B1F7A /* XQDouYuZB.app */ = {isa = PBXFileReference; explicitFileType = wrapper.application; includeInIndex = 0; path = XQDouYuZB.app; sourceTree = BUILT_PRODUCTS_DIR; };
		04A3F7D621F709C2000B1F7A /* AppDelegate.swift */ = {isa = PBXFileReference; lastKnownFileType = sourcecode.swift; path = AppDelegate.swift; sourceTree = "<group>"; };
		04A3F7D821F709C2000B1F7A /* ViewController.swift */ = {isa = PBXFileReference; lastKnownFileType = sourcecode.swift; path = ViewController.swift; sourceTree = "<group>"; };
		04A3F7DB21F709C2000B1F7A /* Base */ = {isa = PBXFileReference; lastKnownFileType = file.storyboard; name = Base; path = Base.lproj/Main.storyboard; sourceTree = "<group>"; };
		04A3F7DD21F709C5000B1F7A /* Assets.xcassets */ = {isa = PBXFileReference; lastKnownFileType = folder.assetcatalog; path = Assets.xcassets; sourceTree = "<group>"; };
		04A3F7E021F709C5000B1F7A /* Base */ = {isa = PBXFileReference; lastKnownFileType = file.storyboard; name = Base; path = Base.lproj/LaunchScreen.storyboard; sourceTree = "<group>"; };
		04A3F7E221F709C5000B1F7A /* Info.plist */ = {isa = PBXFileReference; lastKnownFileType = text.plist.xml; path = Info.plist; sourceTree = "<group>"; };
		04A3F7E721F709C5000B1F7A /* XQDouYuZBTests.xctest */ = {isa = PBXFileReference; explicitFileType = wrapper.cfbundle; includeInIndex = 0; path = XQDouYuZBTests.xctest; sourceTree = BUILT_PRODUCTS_DIR; };
		04A3F7EB21F709C5000B1F7A /* XQDouYuZBTests.swift */ = {isa = PBXFileReference; lastKnownFileType = sourcecode.swift; path = XQDouYuZBTests.swift; sourceTree = "<group>"; };
		04A3F7ED21F709C5000B1F7A /* Info.plist */ = {isa = PBXFileReference; lastKnownFileType = text.plist.xml; path = Info.plist; sourceTree = "<group>"; };
		04A3F7F221F709C5000B1F7A /* XQDouYuZBUITests.xctest */ = {isa = PBXFileReference; explicitFileType = wrapper.cfbundle; includeInIndex = 0; path = XQDouYuZBUITests.xctest; sourceTree = BUILT_PRODUCTS_DIR; };
		04A3F7F621F709C5000B1F7A /* XQDouYuZBUITests.swift */ = {isa = PBXFileReference; lastKnownFileType = sourcecode.swift; path = XQDouYuZBUITests.swift; sourceTree = "<group>"; };
		04A3F7F821F709C5000B1F7A /* Info.plist */ = {isa = PBXFileReference; lastKnownFileType = text.plist.xml; path = Info.plist; sourceTree = "<group>"; };
/* End PBXFileReference section */

/* Begin PBXFrameworksBuildPhase section */
		04A3F7D021F709C2000B1F7A /* Frameworks */ = {
			isa = PBXFrameworksBuildPhase;
			buildActionMask = 2147483647;
			files = (
			);
			runOnlyForDeploymentPostprocessing = 0;
		};
		04A3F7E421F709C5000B1F7A /* Frameworks */ = {
			isa = PBXFrameworksBuildPhase;
			buildActionMask = 2147483647;
			files = (
			);
			runOnlyForDeploymentPostprocessing = 0;
		};
		04A3F7EF21F709C5000B1F7A /* Frameworks */ = {
			isa = PBXFrameworksBuildPhase;
			buildActionMask = 2147483647;
			files = (
			);
			runOnlyForDeploymentPostprocessing = 0;
		};
/* End PBXFrameworksBuildPhase section */

/* Begin PBXGroup section */
		04A3F7CA21F709C2000B1F7A = {
			isa = PBXGroup;
			children = (
				04A3F7D521F709C2000B1F7A /* XQDouYuZB */,
				04A3F7EA21F709C5000B1F7A /* XQDouYuZBTests */,
				04A3F7F521F709C5000B1F7A /* XQDouYuZBUITests */,
				04A3F7D421F709C2000B1F7A /* Products */,
			);
			sourceTree = "<group>";
		};
		04A3F7D421F709C2000B1F7A /* Products */ = {
			isa = PBXGroup;
			children = (
				04A3F7D321F709C2000B1F7A /* XQDouYuZB.app */,
				04A3F7E721F709C5000B1F7A /* XQDouYuZBTests.xctest */,
				04A3F7F221F709C5000B1F7A /* XQDouYuZBUITests.xctest */,
			);
			name = Products;
			sourceTree = "<group>";
		};
		04A3F7D521F709C2000B1F7A /* XQDouYuZB */ = {
			isa = PBXGroup;
			children = (
				04A3F7D621F709C2000B1F7A /* AppDelegate.swift */,
				04A3F7D821F709C2000B1F7A /* ViewController.swift */,
				04A3F7DA21F709C2000B1F7A /* Main.storyboard */,
				04A3F7DD21F709C5000B1F7A /* Assets.xcassets */,
				04A3F7DF21F709C5000B1F7A /* LaunchScreen.storyboard */,
				04A3F7E221F709C5000B1F7A /* Info.plist */,
			);
			path = XQDouYuZB;
			sourceTree = "<group>";
		};
		04A3F7EA21F709C5000B1F7A /* XQDouYuZBTests */ = {
			isa = PBXGroup;
			children = (
				04A3F7EB21F709C5000B1F7A /* XQDouYuZBTests.swift */,
				04A3F7ED21F709C5000B1F7A /* Info.plist */,
			);
			path = XQDouYuZBTests;
			sourceTree = "<group>";
		};
		04A3F7F521F709C5000B1F7A /* XQDouYuZBUITests */ = {
			isa = PBXGroup;
			children = (
				04A3F7F621F709C5000B1F7A /* XQDouYuZBUITests.swift */,
				04A3F7F821F709C5000B1F7A /* Info.plist */,
			);
			path = XQDouYuZBUITests;
			sourceTree = "<group>";
		};
/* End PBXGroup section */

/* Begin PBXNativeTarget section */
		04A3F7D221F709C2000B1F7A /* XQDouYuZB */ = {
			isa = PBXNativeTarget;
			buildConfigurationList = 04A3F7FB21F709C5000B1F7A /* Build configuration list for PBXNativeTarget "XQDouYuZB" */;
			buildPhases = (
				04A3F7CF21F709C2000B1F7A /* Sources */,
				04A3F7D021F709C2000B1F7A /* Frameworks */,
				04A3F7D121F709C2000B1F7A /* Resources */,
			);
			buildRules = (
			);
			dependencies = (
			);
			name = XQDouYuZB;
			productName = XQDouYuZB;
			productReference = 04A3F7D321F709C2000B1F7A /* XQDouYuZB.app */;
			productType = "com.apple.product-type.application";
		};
		04A3F7E621F709C5000B1F7A /* XQDouYuZBTests */ = {
			isa = PBXNativeTarget;
			buildConfigurationList = 04A3F7FE21F709C5000B1F7A /* Build configuration list for PBXNativeTarget "XQDouYuZBTests" */;
			buildPhases = (
				04A3F7E321F709C5000B1F7A /* Sources */,
				04A3F7E421F709C5000B1F7A /* Frameworks */,
				04A3F7E521F709C5000B1F7A /* Resources */,
			);
			buildRules = (
			);
			dependencies = (
				04A3F7E921F709C5000B1F7A /* PBXTargetDependency */,
			);
			name = XQDouYuZBTests;
			productName = XQDouYuZBTests;
			productReference = 04A3F7E721F709C5000B1F7A /* XQDouYuZBTests.xctest */;
			productType = "com.apple.product-type.bundle.unit-test";
		};
		04A3F7F121F709C5000B1F7A /* XQDouYuZBUITests */ = {
			isa = PBXNativeTarget;
			buildConfigurationList = 04A3F80121F709C5000B1F7A /* Build configuration list for PBXNativeTarget "XQDouYuZBUITests" */;
			buildPhases = (
				04A3F7EE21F709C5000B1F7A /* Sources */,
				04A3F7EF21F709C5000B1F7A /* Frameworks */,
				04A3F7F021F709C5000B1F7A /* Resources */,
			);
			buildRules = (
			);
			dependencies = (
				04A3F7F421F709C5000B1F7A /* PBXTargetDependency */,
			);
			name = XQDouYuZBUITests;
			productName = XQDouYuZBUITests;
			productReference = 04A3F7F221F709C5000B1F7A /* XQDouYuZBUITests.xctest */;
			productType = "com.apple.product-type.bundle.ui-testing";
		};
/* End PBXNativeTarget section */

/* Begin PBXProject section */
		04A3F7CB21F709C2000B1F7A /* Project object */ = {
			isa = PBXProject;
			attributes = {
				LastSwiftUpdateCheck = 1010;
				LastUpgradeCheck = 1010;
				ORGANIZATIONNAME = mac;
				TargetAttributes = {
					04A3F7D221F709C2000B1F7A = {
						CreatedOnToolsVersion = 10.1;
					};
					04A3F7E621F709C5000B1F7A = {
						CreatedOnToolsVersion = 10.1;
						TestTargetID = 04A3F7D221F709C2000B1F7A;
					};
					04A3F7F121F709C5000B1F7A = {
						CreatedOnToolsVersion = 10.1;
						TestTargetID = 04A3F7D221F709C2000B1F7A;
					};
				};
			};
			buildConfigurationList = 04A3F7CE21F709C2000B1F7A /* Build configuration list for PBXProject "XQDouYuZB" */;
			compatibilityVersion = "Xcode 9.3";
			developmentRegion = en;
			hasScannedForEncodings = 0;
			knownRegions = (
				en,
				Base,
			);
			mainGroup = 04A3F7CA21F709C2000B1F7A;
			productRefGroup = 04A3F7D421F709C2000B1F7A /* Products */;
			projectDirPath = "";
			projectRoot = "";
			targets = (
				04A3F7D221F709C2000B1F7A /* XQDouYuZB */,
				04A3F7E621F709C5000B1F7A /* XQDouYuZBTests */,
				04A3F7F121F709C5000B1F7A /* XQDouYuZBUITests */,
			);
		};
/* End PBXProject section */

/* Begin PBXResourcesBuildPhase section */
		04A3F7D121F709C2000B1F7A /* Resources */ = {
			isa = PBXResourcesBuildPhase;
			buildActionMask = 2147483647;
			files = (
				04A3F7E121F709C5000B1F7A /* LaunchScreen.storyboard in Resources */,
				04A3F7DE21F709C5000B1F7A /* Assets.xcassets in Resources */,
				04A3F7DC21F709C2000B1F7A /* Main.storyboard in Resources */,
			);
			runOnlyForDeploymentPostprocessing = 0;
		};
		04A3F7E521F709C5000B1F7A /* Resources */ = {
			isa = PBXResourcesBuildPhase;
			buildActionMask = 2147483647;
			files = (
			);
			runOnlyForDeploymentPostprocessing = 0;
		};
		04A3F7F021F709C5000B1F7A /* Resources */ = {
			isa = PBXResourcesBuildPhase;
			buildActionMask = 2147483647;
			files = (
			);
			runOnlyForDeploymentPostprocessing = 0;
		};
/* End PBXResourcesBuildPhase section */

/* Begin PBXSourcesBuildPhase section */
		04A3F7CF21F709C2000B1F7A /* Sources */ = {
			isa = PBXSourcesBuildPhase;
			buildActionMask = 2147483647;
			files = (
				04A3F7D921F709C2000B1F7A /* ViewController.swift in Sources */,
				04A3F7D721F709C2000B1F7A /* AppDelegate.swift in Sources */,
			);
			runOnlyForDeploymentPostprocessing = 0;
		};
		04A3F7E321F709C5000B1F7A /* Sources */ = {
			isa = PBXSourcesBuildPhase;
			buildActionMask = 2147483647;
			files = (
				04A3F7EC21F709C5000B1F7A /* XQDouYuZBTests.swift in Sources */,
			);
			runOnlyForDeploymentPostprocessing = 0;
		};
		04A3F7EE21F709C5000B1F7A /* Sources */ = {
			isa = PBXSourcesBuildPhase;
			buildActionMask = 2147483647;
			files = (
				04A3F7F721F709C5000B1F7A /* XQDouYuZBUITests.swift in Sources */,
			);
			runOnlyForDeploymentPostprocessing = 0;
		};
/* End PBXSourcesBuildPhase section */

/* Begin PBXTargetDependency section */
		04A3F7E921F709C5000B1F7A /* PBXTargetDependency */ = {
			isa = PBXTargetDependency;
			target = 04A3F7D221F709C2000B1F7A /* XQDouYuZB */;
			targetProxy = 04A3F7E821F709C5000B1F7A /* PBXContainerItemProxy */;
		};
		04A3F7F421F709C5000B1F7A /* PBXTargetDependency */ = {
			isa = PBXTargetDependency;
			target = 04A3F7D221F709C2000B1F7A /* XQDouYuZB */;
			targetProxy = 04A3F7F321F709C5000B1F7A /* PBXContainerItemProxy */;
		};
/* End PBXTargetDependency section */

/* Begin PBXVariantGroup section */
		04A3F7DA21F709C2000B1F7A /* Main.storyboard */ = {
			isa = PBXVariantGroup;
			children = (
				04A3F7DB21F709C2000B1F7A /* Base */,
			);
			name = Main.storyboard;
			sourceTree = "<group>";
		};
		04A3F7DF21F709C5000B1F7A /* LaunchScreen.storyboard */ = {
			isa = PBXVariantGroup;
			children = (
				04A3F7E021F709C5000B1F7A /* Base */,
			);
			name = LaunchScreen.storyboard;
			sourceTree = "<group>";
		};
/* End PBXVariantGroup section */

/* Begin XCBuildConfiguration section */
		04A3F7F921F709C5000B1F7A /* Debug */ = {
			isa = XCBuildConfiguration;
			buildSettings = {
				ALWAYS_SEARCH_USER_PATHS = NO;
				CLANG_ANALYZER_NONNULL = YES;
				CLANG_ANALYZER_NUMBER_OBJECT_CONVERSION = YES_AGGRESSIVE;
				CLANG_CXX_LANGUAGE_STANDARD = "gnu++14";
				CLANG_CXX_LIBRARY = "libc++";
				CLANG_ENABLE_MODULES = YES;
				CLANG_ENABLE_OBJC_ARC = YES;
				CLANG_ENABLE_OBJC_WEAK = YES;
				CLANG_WARN_BLOCK_CAPTURE_AUTORELEASING = YES;
				CLANG_WARN_BOOL_CONVERSION = YES;
				CLANG_WARN_COMMA = YES;
				CLANG_WARN_CONSTANT_CONVERSION = YES;
				CLANG_WARN_DEPRECATED_OBJC_IMPLEMENTATIONS = YES;
				CLANG_WARN_DIRECT_OBJC_ISA_USAGE = YES_ERROR;
				CLANG_WARN_DOCUMENTATION_COMMENTS = YES;
				CLANG_WARN_EMPTY_BODY = YES;
				CLANG_WARN_ENUM_CONVERSION = YES;
				CLANG_WARN_INFINITE_RECURSION = YES;
				CLANG_WARN_INT_CONVERSION = YES;
				CLANG_WARN_NON_LITERAL_NULL_CONVERSION = YES;
				CLANG_WARN_OBJC_IMPLICIT_RETAIN_SELF = YES;
				CLANG_WARN_OBJC_LITERAL_CONVERSION = YES;
				CLANG_WARN_OBJC_ROOT_CLASS = YES_ERROR;
				CLANG_WARN_RANGE_LOOP_ANALYSIS = YES;
				CLANG_WARN_STRICT_PROTOTYPES = YES;
				CLANG_WARN_SUSPICIOUS_MOVE = YES;
				CLANG_WARN_UNGUARDED_AVAILABILITY = YES_AGGRESSIVE;
				CLANG_WARN_UNREACHABLE_CODE = YES;
				CLANG_WARN__DUPLICATE_METHOD_MATCH = YES;
				CODE_SIGN_IDENTITY = "iPhone Developer";
				COPY_PHASE_STRIP = NO;
				DEBUG_INFORMATION_FORMAT = dwarf;
				ENABLE_STRICT_OBJC_MSGSEND = YES;
				ENABLE_TESTABILITY = YES;
				GCC_C_LANGUAGE_STANDARD = gnu11;
				GCC_DYNAMIC_NO_PIC = NO;
				GCC_NO_COMMON_BLOCKS = YES;
				GCC_OPTIMIZATION_LEVEL = 0;
				GCC_PREPROCESSOR_DEFINITIONS = (
					"DEBUG=1",
					"$(inherited)",
				);
				GCC_WARN_64_TO_32_BIT_CONVERSION = YES;
				GCC_WARN_ABOUT_RETURN_TYPE = YES_ERROR;
				GCC_WARN_UNDECLARED_SELECTOR = YES;
				GCC_WARN_UNINITIALIZED_AUTOS = YES_AGGRESSIVE;
				GCC_WARN_UNUSED_FUNCTION = YES;
				GCC_WARN_UNUSED_VARIABLE = YES;
				IPHONEOS_DEPLOYMENT_TARGET = 12.1;
				MTL_ENABLE_DEBUG_INFO = INCLUDE_SOURCE;
				MTL_FAST_MATH = YES;
				ONLY_ACTIVE_ARCH = YES;
				SDKROOT = iphoneos;
				SWIFT_ACTIVE_COMPILATION_CONDITIONS = DEBUG;
				SWIFT_OPTIMIZATION_LEVEL = "-Onone";
			};
			name = Debug;
		};
		04A3F7FA21F709C5000B1F7A /* Release */ = {
			isa = XCBuildConfiguration;
			buildSettings = {
				ALWAYS_SEARCH_USER_PATHS = NO;
				CLANG_ANALYZER_NONNULL = YES;
				CLANG_ANALYZER_NUMBER_OBJECT_CONVERSION = YES_AGGRESSIVE;
				CLANG_CXX_LANGUAGE_STANDARD = "gnu++14";
				CLANG_CXX_LIBRARY = "libc++";
				CLANG_ENABLE_MODULES = YES;
				CLANG_ENABLE_OBJC_ARC = YES;
				CLANG_ENABLE_OBJC_WEAK = YES;
				CLANG_WARN_BLOCK_CAPTURE_AUTORELEASING = YES;
				CLANG_WARN_BOOL_CONVERSION = YES;
				CLANG_WARN_COMMA = YES;
				CLANG_WARN_CONSTANT_CONVERSION = YES;
				CLANG_WARN_DEPRECATED_OBJC_IMPLEMENTATIONS = YES;
				CLANG_WARN_DIRECT_OBJC_ISA_USAGE = YES_ERROR;
				CLANG_WARN_DOCUMENTATION_COMMENTS = YES;
				CLANG_WARN_EMPTY_BODY = YES;
				CLANG_WARN_ENUM_CONVERSION = YES;
				CLANG_WARN_INFINITE_RECURSION = YES;
				CLANG_WARN_INT_CONVERSION = YES;
				CLANG_WARN_NON_LITERAL_NULL_CONVERSION = YES;
				CLANG_WARN_OBJC_IMPLICIT_RETAIN_SELF = YES;
				CLANG_WARN_OBJC_LITERAL_CONVERSION = YES;
				CLANG_WARN_OBJC_ROOT_CLASS = YES_ERROR;
				CLANG_WARN_RANGE_LOOP_ANALYSIS = YES;
				CLANG_WARN_STRICT_PROTOTYPES = YES;
				CLANG_WARN_SUSPICIOUS_MOVE = YES;
				CLANG_WARN_UNGUARDED_AVAILABILITY = YES_AGGRESSIVE;
				CLANG_WARN_UNREACHABLE_CODE = YES;
				CLANG_WARN__DUPLICATE_METHOD_MATCH = YES;
				CODE_SIGN_IDENTITY = "iPhone Developer";
				COPY_PHASE_STRIP = NO;
				DEBUG_INFORMATION_FORMAT = "dwarf-with-dsym";
				ENABLE_NS_ASSERTIONS = NO;
				ENABLE_STRICT_OBJC_MSGSEND = YES;
				GCC_C_LANGUAGE_STANDARD = gnu11;
				GCC_NO_COMMON_BLOCKS = YES;
				GCC_WARN_64_TO_32_BIT_CONVERSION = YES;
				GCC_WARN_ABOUT_RETURN_TYPE = YES_ERROR;
				GCC_WARN_UNDECLARED_SELECTOR = YES;
				GCC_WARN_UNINITIALIZED_AUTOS = YES_AGGRESSIVE;
				GCC_WARN_UNUSED_FUNCTION = YES;
				GCC_WARN_UNUSED_VARIABLE = YES;
				IPHONEOS_DEPLOYMENT_TARGET = 12.1;
				MTL_ENABLE_DEBUG_INFO = NO;
				MTL_FAST_MATH = YES;
				SDKROOT = iphoneos;
				SWIFT_COMPILATION_MODE = wholemodule;
				SWIFT_OPTIMIZATION_LEVEL = "-O";
				VALIDATE_PRODUCT = YES;
			};
			name = Release;
		};
		04A3F7FC21F709C5000B1F7A /* Debug */ = {
			isa = XCBuildConfiguration;
			buildSettings = {
				ASSETCATALOG_COMPILER_APPICON_NAME = AppIcon;
				ASSETCATALOG_COMPILER_LAUNCHIMAGE_NAME = LaunchImage;
				CODE_SIGN_STYLE = Automatic;
				DEVELOPMENT_TEAM = 6759FSQ4PQ;
				INFOPLIST_FILE = XQDouYuZB/Info.plist;
				IPHONEOS_DEPLOYMENT_TARGET = 9.0;
				LD_RUNPATH_SEARCH_PATHS = (
					"$(inherited)",
					"@executable_path/Frameworks",
				);
				PRODUCT_BUNDLE_IDENTIFIER = Forward.XQDouYuZB;
				PRODUCT_NAME = "$(TARGET_NAME)";
				SWIFT_VERSION = 4.2;
				TARGETED_DEVICE_FAMILY = 1;
			};
			name = Debug;
		};
		04A3F7FD21F709C5000B1F7A /* Release */ = {
			isa = XCBuildConfiguration;
			buildSettings = {
				ASSETCATALOG_COMPILER_APPICON_NAME = AppIcon;
				ASSETCATALOG_COMPILER_LAUNCHIMAGE_NAME = LaunchImage;
				CODE_SIGN_STYLE = Automatic;
				DEVELOPMENT_TEAM = 6759FSQ4PQ;
				INFOPLIST_FILE = XQDouYuZB/Info.plist;
				IPHONEOS_DEPLOYMENT_TARGET = 9.0;
				LD_RUNPATH_SEARCH_PATHS = (
					"$(inherited)",
					"@executable_path/Frameworks",
				);
				PRODUCT_BUNDLE_IDENTIFIER = Forward.XQDouYuZB;
				PRODUCT_NAME = "$(TARGET_NAME)";
				SWIFT_VERSION = 4.2;
				TARGETED_DEVICE_FAMILY = 1;
			};
			name = Release;
		};
		04A3F7FF21F709C5000B1F7A /* Debug */ = {
			isa = XCBuildConfiguration;
			buildSettings = {
				ALWAYS_EMBED_SWIFT_STANDARD_LIBRARIES = YES;
				BUNDLE_LOADER = "$(TEST_HOST)";
				CODE_SIGN_STYLE = Automatic;
				DEVELOPMENT_TEAM = 6759FSQ4PQ;
				INFOPLIST_FILE = XQDouYuZBTests/Info.plist;
				LD_RUNPATH_SEARCH_PATHS = (
					"$(inherited)",
					"@executable_path/Frameworks",
					"@loader_path/Frameworks",
				);
				PRODUCT_BUNDLE_IDENTIFIER = Forward.XQDouYuZBTests;
				PRODUCT_NAME = "$(TARGET_NAME)";
				SWIFT_VERSION = 4.2;
				TARGETED_DEVICE_FAMILY = "1,2";
				TEST_HOST = "$(BUILT_PRODUCTS_DIR)/XQDouYuZB.app/XQDouYuZB";
			};
			name = Debug;
		};
		04A3F80021F709C5000B1F7A /* Release */ = {
			isa = XCBuildConfiguration;
			buildSettings = {
				ALWAYS_EMBED_SWIFT_STANDARD_LIBRARIES = YES;
				BUNDLE_LOADER = "$(TEST_HOST)";
				CODE_SIGN_STYLE = Automatic;
				DEVELOPMENT_TEAM = 6759FSQ4PQ;
				INFOPLIST_FILE = XQDouYuZBTests/Info.plist;
				LD_RUNPATH_SEARCH_PATHS = (
					"$(inherited)",
					"@executable_path/Frameworks",
					"@loader_path/Frameworks",
				);
				PRODUCT_BUNDLE_IDENTIFIER = Forward.XQDouYuZBTests;
				PRODUCT_NAME = "$(TARGET_NAME)";
				SWIFT_VERSION = 4.2;
				TARGETED_DEVICE_FAMILY = "1,2";
				TEST_HOST = "$(BUILT_PRODUCTS_DIR)/XQDouYuZB.app/XQDouYuZB";
			};
			name = Release;
		};
		04A3F80221F709C5000B1F7A /* Debug */ = {
			isa = XCBuildConfiguration;
			buildSettings = {
				ALWAYS_EMBED_SWIFT_STANDARD_LIBRARIES = YES;
				CODE_SIGN_STYLE = Automatic;
				DEVELOPMENT_TEAM = 6759FSQ4PQ;
				INFOPLIST_FILE = XQDouYuZBUITests/Info.plist;
				LD_RUNPATH_SEARCH_PATHS = (
					"$(inherited)",
					"@executable_path/Frameworks",
					"@loader_path/Frameworks",
				);
				PRODUCT_BUNDLE_IDENTIFIER = Forward.XQDouYuZBUITests;
				PRODUCT_NAME = "$(TARGET_NAME)";
				SWIFT_VERSION = 4.2;
				TARGETED_DEVICE_FAMILY = "1,2";
				TEST_TARGET_NAME = XQDouYuZB;
			};
			name = Debug;
		};
		04A3F80321F709C5000B1F7A /* Release */ = {
			isa = XCBuildConfiguration;
			buildSettings = {
				ALWAYS_EMBED_SWIFT_STANDARD_LIBRARIES = YES;
				CODE_SIGN_STYLE = Automatic;
				DEVELOPMENT_TEAM = 6759FSQ4PQ;
				INFOPLIST_FILE = XQDouYuZBUITests/Info.plist;
				LD_RUNPATH_SEARCH_PATHS = (
					"$(inherited)",
					"@executable_path/Frameworks",
					"@loader_path/Frameworks",
				);
				PRODUCT_BUNDLE_IDENTIFIER = Forward.XQDouYuZBUITests;
				PRODUCT_NAME = "$(TARGET_NAME)";
				SWIFT_VERSION = 4.2;
				TARGETED_DEVICE_FAMILY = "1,2";
				TEST_TARGET_NAME = XQDouYuZB;
			};
			name = Release;
		};
/* End XCBuildConfiguration section */

/* Begin XCConfigurationList section */
		04A3F7CE21F709C2000B1F7A /* Build configuration list for PBXProject "XQDouYuZB" */ = {
			isa = XCConfigurationList;
			buildConfigurations = (
				04A3F7F921F709C5000B1F7A /* Debug */,
				04A3F7FA21F709C5000B1F7A /* Release */,
			);
			defaultConfigurationIsVisible = 0;
			defaultConfigurationName = Release;
		};
		04A3F7FB21F709C5000B1F7A /* Build configuration list for PBXNativeTarget "XQDouYuZB" */ = {
			isa = XCConfigurationList;
			buildConfigurations = (
				04A3F7FC21F709C5000B1F7A /* Debug */,
				04A3F7FD21F709C5000B1F7A /* Release */,
			);
			defaultConfigurationIsVisible = 0;
			defaultConfigurationName = Release;
		};
		04A3F7FE21F709C5000B1F7A /* Build configuration list for PBXNativeTarget "XQDouYuZBTests" */ = {
			isa = XCConfigurationList;
			buildConfigurations = (
				04A3F7FF21F709C5000B1F7A /* Debug */,
				04A3F80021F709C5000B1F7A /* Release */,
			);
			defaultConfigurationIsVisible = 0;
			defaultConfigurationName = Release;
		};
		04A3F80121F709C5000B1F7A /* Build configuration list for PBXNativeTarget "XQDouYuZBUITests" */ = {
			isa = XCConfigurationList;
			buildConfigurations = (
				04A3F80221F709C5000B1F7A /* Debug */,
				04A3F80321F709C5000B1F7A /* Release */,
			);
			defaultConfigurationIsVisible = 0;
			defaultConfigurationName = Release;
		};
/* End XCConfigurationList section */
	};
	rootObject = 04A3F7CB21F709C2000B1F7A /* Project object */;
}
